
Microsoft Visual Studio Solution File, Format Version 12.00
# Visual Studio Version 16
VisualStudioVersion = 16.0.30114.105
MinimumVisualStudioVersion = 10.0.40219.1
Project("{FAE04EC0-301F-11D3-BF4B-00C04F79EFBC}") = "WebAdvert.Web", "WebAdvert.Web.csproj", "{57A1BFD2-F009-4C89-9B14-A68DCD634447}"
EndProject
Global
	GlobalSection(SolutionConfigurationPlatforms) = preSolution
		Debug|Any CPU = Debug|Any CPU
		Release|Any CPU = Release|Any CPU
	EndGlobalSection
	GlobalSection(ProjectConfigurationPlatforms) = postSolution
		{57A1BFD2-F009-4C89-9B14-A68DCD634447}.Debug|Any CPU.ActiveCfg = Debug|Any CPU
		{57A1BFD2-F009-4C89-9B14-A68DCD634447}.Debug|Any CPU.Build.0 = Debug|Any CPU
		{57A1BFD2-F009-4C89-9B14-A68DCD634447}.Release|Any CPU.ActiveCfg = Release|Any CPU
		{57A1BFD2-F009-4C89-9B14-A68DCD634447}.Release|Any CPU.Build.0 = Release|Any CPU
	EndGlobalSection
	GlobalSection(SolutionProperties) = preSolution
		HideSolutionNode = FALSE
	EndGlobalSection
	GlobalSection(ExtensibilityGlobals) = postSolution
		SolutionGuid = {4A26279E-E6C8-4145-AD3F-79D581DD5095}
	EndGlobalSection
EndGlobal
